
Microsoft Visual Studio Solution File, Format Version 12.00
# Visual Studio 15
VisualStudioVersion = 15.0.28307.421
MinimumVisualStudioVersion = 10.0.40219.1
Project("{FAE04EC0-301F-11D3-BF4B-00C04F79EFBC}") = "ECommerce", "ECommerce.csproj", "{91863CF5-B92D-44CE-A214-C09F5B74AF3E}"
EndProject
Project("{FAE04EC0-301F-11D3-BF4B-00C04F79EFBC}") = "hannon.TwofactorAuth", "..\Hannon.TwoFactorAuth\hannon.TwofactorAuth.csproj", "{09A5B8C1-FFD6-49A8-B62B-AD3A05418C52}"
EndProject
Project("{FAE04EC0-301F-11D3-BF4B-00C04F79EFBC}") = "Hannon.UnitTest", "..\Hannon.UnitTest\Hannon.UnitTest\Hannon.UnitTest.csproj", "{26415A32-7D0E-46BA-8436-2BA7A4955C7F}"
EndProject
Project("{FAE04EC0-301F-11D3-BF4B-00C04F79EFBC}") = "Hannon.Utils", "..\Hannon.Utils\Hannon.Utils.csproj", "{3695E363-3E52-4852-8D10-CD8138471755}"
EndProject
Project("{FAE04EC0-301F-11D3-BF4B-00C04F79EFBC}") = "ECommerce.Data", "..\Hannon.ECommerce.Data\ECommerce.Data.csproj", "{DF351610-4897-4DF0-8BCF-D926F2A4F2EB}"
EndProject
Project("{FAE04EC0-301F-11D3-BF4B-00C04F79EFBC}") = "Hannon.Ldap", "..\Hannon.Ldap\Hannon.Ldap.csproj", "{7CAB3A5F-EA28-49B2-AE77-10313F7870AB}"
EndProject
Project("{FAE04EC0-301F-11D3-BF4B-00C04F79EFBC}") = "Hannon.FreightEngine", "..\Hannon.FreightEngine\Hannon.FreightEngine.csproj", "{44B6D982-20E3-4759-A225-9C3B89D212C6}"
EndProject
Global
	GlobalSection(SolutionConfigurationPlatforms) = preSolution
		Debug|Any CPU = Debug|Any CPU
		Release|Any CPU = Release|Any CPU
	EndGlobalSection
	GlobalSection(ProjectConfigurationPlatforms) = postSolution
		{91863CF5-B92D-44CE-A214-C09F5B74AF3E}.Debug|Any CPU.ActiveCfg = Debug|Any CPU
		{91863CF5-B92D-44CE-A214-C09F5B74AF3E}.Debug|Any CPU.Build.0 = Debug|Any CPU
		{91863CF5-B92D-44CE-A214-C09F5B74AF3E}.Release|Any CPU.ActiveCfg = Release|Any CPU
		{91863CF5-B92D-44CE-A214-C09F5B74AF3E}.Release|Any CPU.Build.0 = Release|Any CPU
		{09A5B8C1-FFD6-49A8-B62B-AD3A05418C52}.Debug|Any CPU.ActiveCfg = Debug|Any CPU
		{09A5B8C1-FFD6-49A8-B62B-AD3A05418C52}.Debug|Any CPU.Build.0 = Debug|Any CPU
		{09A5B8C1-FFD6-49A8-B62B-AD3A05418C52}.Release|Any CPU.ActiveCfg = Release|Any CPU
		{09A5B8C1-FFD6-49A8-B62B-AD3A05418C52}.Release|Any CPU.Build.0 = Release|Any CPU
		{26415A32-7D0E-46BA-8436-2BA7A4955C7F}.Debug|Any CPU.ActiveCfg = Debug|Any CPU
		{26415A32-7D0E-46BA-8436-2BA7A4955C7F}.Debug|Any CPU.Build.0 = Debug|Any CPU
		{26415A32-7D0E-46BA-8436-2BA7A4955C7F}.Release|Any CPU.ActiveCfg = Release|Any CPU
		{26415A32-7D0E-46BA-8436-2BA7A4955C7F}.Release|Any CPU.Build.0 = Release|Any CPU
		{3695E363-3E52-4852-8D10-CD8138471755}.Debug|Any CPU.ActiveCfg = Debug|Any CPU
		{3695E363-3E52-4852-8D10-CD8138471755}.Debug|Any CPU.Build.0 = Debug|Any CPU
		{3695E363-3E52-4852-8D10-CD8138471755}.Release|Any CPU.ActiveCfg = Release|Any CPU
		{3695E363-3E52-4852-8D10-CD8138471755}.Release|Any CPU.Build.0 = Release|Any CPU
		{DF351610-4897-4DF0-8BCF-D926F2A4F2EB}.Debug|Any CPU.ActiveCfg = Debug|Any CPU
		{DF351610-4897-4DF0-8BCF-D926F2A4F2EB}.Debug|Any CPU.Build.0 = Debug|Any CPU
		{DF351610-4897-4DF0-8BCF-D926F2A4F2EB}.Release|Any CPU.ActiveCfg = Release|Any CPU
		{DF351610-4897-4DF0-8BCF-D926F2A4F2EB}.Release|Any CPU.Build.0 = Release|Any CPU
		{7CAB3A5F-EA28-49B2-AE77-10313F7870AB}.Debug|Any CPU.ActiveCfg = Debug|Any CPU
		{7CAB3A5F-EA28-49B2-AE77-10313F7870AB}.Debug|Any CPU.Build.0 = Debug|Any CPU
		{7CAB3A5F-EA28-49B2-AE77-10313F7870AB}.Release|Any CPU.ActiveCfg = Release|Any CPU
		{7CAB3A5F-EA28-49B2-AE77-10313F7870AB}.Release|Any CPU.Build.0 = Release|Any CPU
		{44B6D982-20E3-4759-A225-9C3B89D212C6}.Debug|Any CPU.ActiveCfg = Debug|Any CPU
		{44B6D982-20E3-4759-A225-9C3B89D212C6}.Debug|Any CPU.Build.0 = Debug|Any CPU
		{44B6D982-20E3-4759-A225-9C3B89D212C6}.Release|Any CPU.ActiveCfg = Release|Any CPU
		{44B6D982-20E3-4759-A225-9C3B89D212C6}.Release|Any CPU.Build.0 = Release|Any CPU
	EndGlobalSection
	GlobalSection(SolutionProperties) = preSolution
		HideSolutionNode = FALSE
	EndGlobalSection
	GlobalSection(ExtensibilityGlobals) = postSolution
		SolutionGuid = {3A152058-E769-4F7D-9B29-D6F8D49827E1}
	EndGlobalSection
EndGlobal
